Microsoft Visual Studio Solution File, Format Version 12.00
# Visual Studio Version 17
VisualStudioVersion = 17.5.2.0
MinimumVisualStudioVersion = 10.0.40219.1
Project("{2150E333-8FDC-42A3-9474-1A3956D46DE8}") = "semana_1_3_jerarquias_transformaciones", "semana_1_3_jerarquias_transformaciones", "{D374631A-5C4B-4E2E-C022-CE7A1558AA34}"
EndProject
Project("{2150E333-8FDC-42A3-9474-1A3956D46DE8}") = "unity", "unity", "{7573FF2C-A6B0-594A-8277-2920B8864246}"
EndProject
Project("{2150E333-8FDC-42A3-9474-1A3956D46DE8}") = "project", "project", "{23D9DFB3-D61D-76B3-BF1F-84AFE9E07950}"
EndProject
Project("{FAE04EC0-301F-11D3-BF4B-00C04F79EFBC}") = "Assembly-CSharp-Editor", "semana_1_3_jerarquias_transformaciones\unity\project\Assembly-CSharp-Editor.csproj", "{227E2F70-E1D7-19C8-B104-786BA9B2370C}"
EndProject
Project("{FAE04EC0-301F-11D3-BF4B-00C04F79EFBC}") = "Assembly-CSharp", "semana_1_3_jerarquias_transformaciones\unity\project\Assembly-CSharp.csproj", "{1007515B-7DAC-5847-41F7-EC92A51D764D}"
EndProject
Global
	GlobalSection(SolutionConfigurationPlatforms) = preSolution
		Debug|Any CPU = Debug|Any CPU
		Release|Any CPU = Release|Any CPU
	EndGlobalSection
	GlobalSection(ProjectConfigurationPlatforms) = postSolution
		{227E2F70-E1D7-19C8-B104-786BA9B2370C}.Debug|Any CPU.ActiveCfg = Debug|Any CPU
		{227E2F70-E1D7-19C8-B104-786BA9B2370C}.Debug|Any CPU.Build.0 = Debug|Any CPU
		{227E2F70-E1D7-19C8-B104-786BA9B2370C}.Release|Any CPU.ActiveCfg = Release|Any CPU
		{227E2F70-E1D7-19C8-B104-786BA9B2370C}.Release|Any CPU.Build.0 = Release|Any CPU
		{1007515B-7DAC-5847-41F7-EC92A51D764D}.Debug|Any CPU.ActiveCfg = Debug|Any CPU
		{1007515B-7DAC-5847-41F7-EC92A51D764D}.Debug|Any CPU.Build.0 = Debug|Any CPU
		{1007515B-7DAC-5847-41F7-EC92A51D764D}.Release|Any CPU.ActiveCfg = Release|Any CPU
		{1007515B-7DAC-5847-41F7-EC92A51D764D}.Release|Any CPU.Build.0 = Release|Any CPU
	EndGlobalSection
	GlobalSection(SolutionProperties) = preSolution
		HideSolutionNode = FALSE
	EndGlobalSection
	GlobalSection(NestedProjects) = preSolution
		{7573FF2C-A6B0-594A-8277-2920B8864246} = {D374631A-5C4B-4E2E-C022-CE7A1558AA34}
		{23D9DFB3-D61D-76B3-BF1F-84AFE9E07950} = {7573FF2C-A6B0-594A-8277-2920B8864246}
		{227E2F70-E1D7-19C8-B104-786BA9B2370C} = {23D9DFB3-D61D-76B3-BF1F-84AFE9E07950}
		{1007515B-7DAC-5847-41F7-EC92A51D764D} = {23D9DFB3-D61D-76B3-BF1F-84AFE9E07950}
	EndGlobalSection
	GlobalSection(ExtensibilityGlobals) = postSolution
		SolutionGuid = {8E4748C8-3809-4D23-BC43-E9FD474A0D0A}
	EndGlobalSection
EndGlobal
